// !$*UTF8*$!
{
	archiveVersion = 1;
	classes = {
	};
	objectVersion = 46;
	objects = {

/* Begin PBXBuildFile section */
		E09E7BB01E6600D2009B165A /* PokeAPIInterface.swift in Sources */ = {isa = PBXBuildFile; fileRef = E09E7BAF1E6600D2009B165A /* PokeAPIInterface.swift */; };
		E0D4FC8A1E58DE550034FEF4 /* pokemon.ttf in Resources */ = {isa = PBXBuildFile; fileRef = E0D4FC891E58DE550034FEF4 /* pokemon.ttf */; };
		E0D4FC8E1E58E0380034FEF4 /* music.mp3 in Resources */ = {isa = PBXBuildFile; fileRef = E0D4FC8D1E58E0380034FEF4 /* music.mp3 */; };
		E0D4FC901E58F6670034FEF4 /* ViewController.swift in Sources */ = {isa = PBXBuildFile; fileRef = E0D4FC8F1E58F6670034FEF4 /* ViewController.swift */; };
		E0E633731E58F7C700EF37F6 /* PokemonDetailVC.swift in Sources */ = {isa = PBXBuildFile; fileRef = E0E633721E58F7C700EF37F6 /* PokemonDetailVC.swift */; };
		E0ECF2701E572EAE005327BC /* AppDelegate.swift in Sources */ = {isa = PBXBuildFile; fileRef = E0ECF26F1E572EAE005327BC /* AppDelegate.swift */; };
		E0ECF2751E572EAE005327BC /* Main.storyboard in Resources */ = {isa = PBXBuildFile; fileRef = E0ECF2731E572EAE005327BC /* Main.storyboard */; };
		E0ECF2771E572EAE005327BC /* Assets.xcassets in Resources */ = {isa = PBXBuildFile; fileRef = E0ECF2761E572EAE005327BC /* Assets.xcassets */; };
		E0ECF27A1E572EAE005327BC /* LaunchScreen.storyboard in Resources */ = {isa = PBXBuildFile; fileRef = E0ECF2781E572EAE005327BC /* LaunchScreen.storyboard */; };
		E0ECF2821E573097005327BC /* pokemon.csv in Resources */ = {isa = PBXBuildFile; fileRef = E0ECF2811E573097005327BC /* pokemon.csv */; };
		E0ECF2871E573184005327BC /* Pokemon.swift in Sources */ = {isa = PBXBuildFile; fileRef = E0ECF2861E573184005327BC /* Pokemon.swift */; };
		E0ECF2891E5736E9005327BC /* PokeCell.swift in Sources */ = {isa = PBXBuildFile; fileRef = E0ECF2881E5736E9005327BC /* PokeCell.swift */; };
		E0ECF28B1E573C9F005327BC /* csv.swift in Sources */ = {isa = PBXBuildFile; fileRef = E0ECF28A1E573C9F005327BC /* csv.swift */; };
		E6C2A9C8671F337C39E1D920 /* Pods_Pokedex3.framework in Frameworks */ = {isa = PBXBuildFile; fileRef = AFAD1F262153D3C430A5F5EB /* Pods_Pokedex3.framework */; };
/* End PBXBuildFile section */

/* Begin PBXFileReference section */
		736D6A3FA442717B23AAF17F /* Pods-Pokedex3.debug.xcconfig */ = {isa = PBXFileReference; includeInIndex = 1; lastKnownFileType = text.xcconfig; name = "Pods-Pokedex3.debug.xcconfig"; path = "Pods/Target Support Files/Pods-Pokedex3/Pods-Pokedex3.debug.xcconfig"; sourceTree = "<group>"; };
		AFAD1F262153D3C430A5F5EB /* Pods_Pokedex3.framework */ = {isa = PBXFileReference; explicitFileType = wrapper.framework; includeInIndex = 0; path = Pods_Pokedex3.framework; sourceTree = BUILT_PRODUCTS_DIR; };
		E09E7BAF1E6600D2009B165A /* PokeAPIInterface.swift */ = {isa = PBXFileReference; fileEncoding = 4; lastKnownFileType = sourcecode.swift; path = PokeAPIInterface.swift; sourceTree = "<group>"; };
		E0D4FC891E58DE550034FEF4 /* pokemon.ttf */ = {isa = PBXFileReference; lastKnownFileType = file; path = pokemon.ttf; sourceTree = "<group>"; };
		E0D4FC8D1E58E0380034FEF4 /* music.mp3 */ = {isa = PBXFileReference; lastKnownFileType = audio.mp3; path = music.mp3; sourceTree = "<group>"; };
		E0D4FC8F1E58F6670034FEF4 /* ViewController.swift */ = {isa = PBXFileReference; fileEncoding = 4; lastKnownFileType = sourcecode.swift; path = ViewController.swift; sourceTree = "<group>"; };
		E0E633721E58F7C700EF37F6 /* PokemonDetailVC.swift */ = {isa = PBXFileReference; fileEncoding = 4; lastKnownFileType = sourcecode.swift; path = PokemonDetailVC.swift; sourceTree = "<group>"; };
		E0ECF26C1E572EAE005327BC /* Pokedex3.app */ = {isa = PBXFileReference; explicitFileType = wrapper.application; includeInIndex = 0; path = Pokedex3.app; sourceTree = BUILT_PRODUCTS_DIR; };
		E0ECF26F1E572EAE005327BC /* AppDelegate.swift */ = {isa = PBXFileReference; lastKnownFileType = sourcecode.swift; path = AppDelegate.swift; sourceTree = "<group>"; };
		E0ECF2741E572EAE005327BC /* Base */ = {isa = PBXFileReference; lastKnownFileType = file.storyboard; name = Base; path = Base.lproj/Main.storyboard; sourceTree = "<group>"; };
		E0ECF2761E572EAE005327BC /* Assets.xcassets */ = {isa = PBXFileReference; lastKnownFileType = folder.assetcatalog; path = Assets.xcassets; sourceTree = "<group>"; };
		E0ECF2791E572EAE005327BC /* Base */ = {isa = PBXFileReference; lastKnownFileType = file.storyboard; name = Base; path = Base.lproj/LaunchScreen.storyboard; sourceTree = "<group>"; };
		E0ECF27B1E572EAE005327BC /* Info.plist */ = {isa = PBXFileReference; lastKnownFileType = text.plist.xml; path = Info.plist; sourceTree = "<group>"; };
		E0ECF2811E573097005327BC /* pokemon.csv */ = {isa = PBXFileReference; fileEncoding = 4; lastKnownFileType = text; path = pokemon.csv; sourceTree = "<group>"; };
		E0ECF2861E573184005327BC /* Pokemon.swift */ = {isa = PBXFileReference; fileEncoding = 4; lastKnownFileType = sourcecode.swift; path = Pokemon.swift; sourceTree = "<group>"; };
		E0ECF2881E5736E9005327BC /* PokeCell.swift */ = {isa = PBXFileReference; fileEncoding = 4; lastKnownFileType = sourcecode.swift; path = PokeCell.swift; sourceTree = "<group>"; };
		E0ECF28A1E573C9F005327BC /* csv.swift */ = {isa = PBXFileReference; fileEncoding = 4; lastKnownFileType = sourcecode.swift; path = csv.swift; sourceTree = "<group>"; };
		E5B993DA22BB2AE7D6CDB193 /* Pods-Pokedex3.release.xcconfig */ = {isa = PBXFileReference; includeInIndex = 1; lastKnownFileType = text.xcconfig; name = "Pods-Pokedex3.release.xcconfig"; path = "Pods/Target Support Files/Pods-Pokedex3/Pods-Pokedex3.release.xcconfig"; sourceTree = "<group>"; };
/* End PBXFileReference section */

/* Begin PBXFrameworksBuildPhase section */
		E0ECF2691E572EAD005327BC /* Frameworks */ = {
			isa = PBXFrameworksBuildPhase;
			buildActionMask = 2147483647;
			files = (
				E6C2A9C8671F337C39E1D920 /* Pods_Pokedex3.framework in Frameworks */,
			);
			runOnlyForDeploymentPostprocessing = 0;
		};
/* End PBXFrameworksBuildPhase section */

/* Begin PBXGroup section */
		7680431BD5670CA4B1320684 /* Frameworks */ = {
			isa = PBXGroup;
			children = (
				AFAD1F262153D3C430A5F5EB /* Pods_Pokedex3.framework */,
			);
			name = Frameworks;
			sourceTree = "<group>";
		};
		AE605911C51E4611219AC444 /* Pods */ = {
			isa = PBXGroup;
			children = (
				736D6A3FA442717B23AAF17F /* Pods-Pokedex3.debug.xcconfig */,
				E5B993DA22BB2AE7D6CDB193 /* Pods-Pokedex3.release.xcconfig */,
			);
			name = Pods;
			sourceTree = "<group>";
		};
		E0D4FC8B1E58DE7E0034FEF4 /* Resources */ = {
			isa = PBXGroup;
			children = (
				E0ECF2811E573097005327BC /* pokemon.csv */,
				E0D4FC891E58DE550034FEF4 /* pokemon.ttf */,
				E0D4FC8D1E58E0380034FEF4 /* music.mp3 */,
			);
			name = Resources;
			sourceTree = "<group>";
		};
		E0D4FC8C1E58DE8B0034FEF4 /* Utilities */ = {
			isa = PBXGroup;
			children = (
				E0ECF28A1E573C9F005327BC /* csv.swift */,
				E09E7BAF1E6600D2009B165A /* PokeAPIInterface.swift */,
			);
			name = Utilities;
			sourceTree = "<group>";
		};
		E0ECF2631E572EAD005327BC = {
			isa = PBXGroup;
			children = (
				E0ECF26E1E572EAE005327BC /* Pokedex3 */,
				E0ECF26D1E572EAE005327BC /* Products */,
				AE605911C51E4611219AC444 /* Pods */,
				7680431BD5670CA4B1320684 /* Frameworks */,
			);
			sourceTree = "<group>";
		};
		E0ECF26D1E572EAE005327BC /* Products */ = {
			isa = PBXGroup;
			children = (
				E0ECF26C1E572EAE005327BC /* Pokedex3.app */,
			);
			name = Products;
			sourceTree = "<group>";
		};
		E0ECF26E1E572EAE005327BC /* Pokedex3 */ = {
			isa = PBXGroup;
			children = (
				E0ECF2851E573134005327BC /* Model */,
				E0ECF2841E57312E005327BC /* View */,
				E0ECF2831E573124005327BC /* Controller */,
				E0D4FC8B1E58DE7E0034FEF4 /* Resources */,
				E0D4FC8C1E58DE8B0034FEF4 /* Utilities */,
				E0ECF2781E572EAE005327BC /* LaunchScreen.storyboard */,
				E0ECF26F1E572EAE005327BC /* AppDelegate.swift */,
				E0ECF2731E572EAE005327BC /* Main.storyboard */,
				E0ECF2761E572EAE005327BC /* Assets.xcassets */,
				E0ECF27B1E572EAE005327BC /* Info.plist */,
			);
			path = Pokedex3;
			sourceTree = "<group>";
		};
		E0ECF2831E573124005327BC /* Controller */ = {
			isa = PBXGroup;
			children = (
				E0D4FC8F1E58F6670034FEF4 /* ViewController.swift */,
				E0E633721E58F7C700EF37F6 /* PokemonDetailVC.swift */,
			);
			name = Controller;
			sourceTree = "<group>";
		};
		E0ECF2841E57312E005327BC /* View */ = {
			isa = PBXGroup;
			children = (
				E0ECF2881E5736E9005327BC /* PokeCell.swift */,
			);
			name = View;
			sourceTree = "<group>";
		};
		E0ECF2851E573134005327BC /* Model */ = {
			isa = PBXGroup;
			children = (
				E0ECF2861E573184005327BC /* Pokemon.swift */,
			);
			name = Model;
			sourceTree = "<group>";
		};
/* End PBXGroup section */

/* Begin PBXNativeTarget section */
		E0ECF26B1E572EAD005327BC /* Pokedex3 */ = {
			isa = PBXNativeTarget;
			buildConfigurationList = E0ECF27E1E572EAE005327BC /* Build configuration list for PBXNativeTarget "Pokedex3" */;
			buildPhases = (
				DCEF151699FD459D4E289971 /* [CP] Check Pods Manifest.lock */,
				E0ECF2681E572EAD005327BC /* Sources */,
				E0ECF2691E572EAD005327BC /* Frameworks */,
				E0ECF26A1E572EAD005327BC /* Resources */,
				E3FED3D3D8C8C7B02FBE66F7 /* [CP] Embed Pods Frameworks */,
				6E5C289EF45583D32089528F /* [CP] Copy Pods Resources */,
			);
			buildRules = (
			);
			dependencies = (
			);
			name = Pokedex3;
			productName = Pokedex3;
			productReference = E0ECF26C1E572EAE005327BC /* Pokedex3.app */;
			productType = "com.apple.product-type.application";
		};
/* End PBXNativeTarget section */

/* Begin PBXProject section */
		E0ECF2641E572EAD005327BC /* Project object */ = {
			isa = PBXProject;
			attributes = {
				LastSwiftUpdateCheck = 0820;
				LastUpgradeCheck = 0820;
				ORGANIZATIONNAME = "Andrew Huber";
				TargetAttributes = {
					E0ECF26B1E572EAD005327BC = {
						CreatedOnToolsVersion = 8.2.1;
						DevelopmentTeam = 5NQCPY489K;
						LastSwiftMigration = 0820;
						ProvisioningStyle = Automatic;
					};
				};
			};
			buildConfigurationList = E0ECF2671E572EAD005327BC /* Build configuration list for PBXProject "Pokedex3" */;
			compatibilityVersion = "Xcode 3.2";
			developmentRegion = English;
			hasScannedForEncodings = 0;
			knownRegions = (
				en,
				Base,
			);
			mainGroup = E0ECF2631E572EAD005327BC;
			productRefGroup = E0ECF26D1E572EAE005327BC /* Products */;
			projectDirPath = "";
			projectRoot = "";
			targets = (
				E0ECF26B1E572EAD005327BC /* Pokedex3 */,
			);
		};
/* End PBXProject section */

/* Begin PBXResourcesBuildPhase section */
		E0ECF26A1E572EAD005327BC /* Resources */ = {
			isa = PBXResourcesBuildPhase;
			buildActionMask = 2147483647;
			files = (
				E0D4FC8A1E58DE550034FEF4 /* pokemon.ttf in Resources */,
				E0ECF27A1E572EAE005327BC /* LaunchScreen.storyboard in Resources */,
				E0D4FC8E1E58E0380034FEF4 /* music.mp3 in Resources */,
				E0ECF2771E572EAE005327BC /* Assets.xcassets in Resources */,
				E0ECF2821E573097005327BC /* pokemon.csv in Resources */,
				E0ECF2751E572EAE005327BC /* Main.storyboard in Resources */,
			);
			runOnlyForDeploymentPostprocessing = 0;
		};
/* End PBXResourcesBuildPhase section */

/* Begin PBXShellScriptBuildPhase section */
		6E5C289EF45583D32089528F /* [CP] Copy Pods Resources */ = {
			isa = PBXShellScriptBuildPhase;
			buildActionMask = 2147483647;
			files = (
			);
			inputPaths = (
			);
			name = "[CP] Copy Pods Resources";
			outputPaths = (
			);
			runOnlyForDeploymentPostprocessing = 0;
			shellPath = /bin/sh;
			shellScript = "\"${SRCROOT}/Pods/Target Support Files/Pods-Pokedex3/Pods-Pokedex3-resources.sh\"\n";
			showEnvVarsInLog = 0;
		};
		DCEF151699FD459D4E289971 /* [CP] Check Pods Manifest.lock */ = {
			isa = PBXShellScriptBuildPhase;
			buildActionMask = 2147483647;
			files = (
			);
			inputPaths = (
			);
			name = "[CP] Check Pods Manifest.lock";
			outputPaths = (
			);
			runOnlyForDeploymentPostprocessing = 0;
			shellPath = /bin/sh;
			shellScript = "diff \"${PODS_ROOT}/../Podfile.lock\" \"${PODS_ROOT}/Manifest.lock\" > /dev/null\nif [ $? != 0 ] ; then\n    # print error to STDERR\n    echo \"error: The sandbox is not in sync with the Podfile.lock. Run 'pod install' or update your CocoaPods installation.\" >&2\n    exit 1\nfi\n";
			showEnvVarsInLog = 0;
		};
		E3FED3D3D8C8C7B02FBE66F7 /* [CP] Embed Pods Frameworks */ = {
			isa = PBXShellScriptBuildPhase;
			buildActionMask = 2147483647;
			files = (
			);
			inputPaths = (
			);
			name = "[CP] Embed Pods Frameworks";
			outputPaths = (
			);
			runOnlyForDeploymentPostprocessing = 0;
			shellPath = /bin/sh;
			shellScript = "\"${SRCROOT}/Pods/Target Support Files/Pods-Pokedex3/Pods-Pokedex3-frameworks.sh\"\n";
			showEnvVarsInLog = 0;
		};
/* End PBXShellScriptBuildPhase section */

/* Begin PBXSourcesBuildPhase section */
		E0ECF2681E572EAD005327BC /* Sources */ = {
			isa = PBXSourcesBuildPhase;
			buildActionMask = 2147483647;
			files = (
				E0D4FC901E58F6670034FEF4 /* ViewController.swift in Sources */,
				E0ECF2891E5736E9005327BC /* PokeCell.swift in Sources */,
				E0E633731E58F7C700EF37F6 /* PokemonDetailVC.swift in Sources */,
				E0ECF2701E572EAE005327BC /* AppDelegate.swift in Sources */,
				E09E7BB01E6600D2009B165A /* PokeAPIInterface.swift in Sources */,
				E0ECF2871E573184005327BC /* Pokemon.swift in Sources */,
				E0ECF28B1E573C9F005327BC /* csv.swift in Sources */,
			);
			runOnlyForDeploymentPostprocessing = 0;
		};
/* End PBXSourcesBuildPhase section */

/* Begin PBXVariantGroup section */
		E0ECF2731E572EAE005327BC /* Main.storyboard */ = {
			isa = PBXVariantGroup;
			children = (
				E0ECF2741E572EAE005327BC /* Base */,
			);
			name = Main.storyboard;
			sourceTree = "<group>";
		};
		E0ECF2781E572EAE005327BC /* LaunchScreen.storyboard */ = {
			isa = PBXVariantGroup;
			children = (
				E0ECF2791E572EAE005327BC /* Base */,
			);
			name = LaunchScreen.storyboard;
			sourceTree = "<group>";
		};
/* End PBXVariantGroup section */

/* Begin XCBuildConfiguration section */
		E0ECF27C1E572EAE005327BC /* Debug */ = {
			isa = XCBuildConfiguration;
			buildSettings = {
				ALWAYS_SEARCH_USER_PATHS = NO;
				CLANG_ANALYZER_NONNULL = YES;
				CLANG_CXX_LANGUAGE_STANDARD = "gnu++0x";
				CLANG_CXX_LIBRARY = "libc++";
				CLANG_ENABLE_MODULES = YES;
				CLANG_ENABLE_OBJC_ARC = YES;
				CLANG_WARN_BOOL_CONVERSION = YES;
				CLANG_WARN_CONSTANT_CONVERSION = YES;
				CLANG_WARN_DIRECT_OBJC_ISA_USAGE = YES_ERROR;
				CLANG_WARN_DOCUMENTATION_COMMENTS = YES;
				CLANG_WARN_EMPTY_BODY = YES;
				CLANG_WARN_ENUM_CONVERSION = YES;
				CLANG_WARN_INFINITE_RECURSION = YES;
				CLANG_WARN_INT_CONVERSION = YES;
				CLANG_WARN_OBJC_ROOT_CLASS = YES_ERROR;
				CLANG_WARN_SUSPICIOUS_MOVE = YES;
				CLANG_WARN_UNREACHABLE_CODE = YES;
				CLANG_WARN__DUPLICATE_METHOD_MATCH = YES;
				"CODE_SIGN_IDENTITY[sdk=iphoneos*]" = "iPhone Developer";
				COPY_PHASE_STRIP = NO;
				DEBUG_INFORMATION_FORMAT = dwarf;
				ENABLE_STRICT_OBJC_MSGSEND = YES;
				ENABLE_TESTABILITY = YES;
				GCC_C_LANGUAGE_STANDARD = gnu99;
				GCC_DYNAMIC_NO_PIC = NO;
				GCC_NO_COMMON_BLOCKS = YES;
				GCC_OPTIMIZATION_LEVEL = 0;
				GCC_PREPROCESSOR_DEFINITIONS = (
					"DEBUG=1",
					"$(inherited)",
				);
				GCC_WARN_64_TO_32_BIT_CONVERSION = YES;
				GCC_WARN_ABOUT_RETURN_TYPE = YES_ERROR;
				GCC_WARN_UNDECLARED_SELECTOR = YES;
				GCC_WARN_UNINITIALIZED_AUTOS = YES_AGGRESSIVE;
				GCC_WARN_UNUSED_FUNCTION = YES;
				GCC_WARN_UNUSED_VARIABLE = YES;
				IPHONEOS_DEPLOYMENT_TARGET = 10.2;
				MTL_ENABLE_DEBUG_INFO = YES;
				ONLY_ACTIVE_ARCH = YES;
				SDKROOT = iphoneos;
				SWIFT_ACTIVE_COMPILATION_CONDITIONS = DEBUG;
				SWIFT_OPTIMIZATION_LEVEL = "-Onone";
				TARGETED_DEVICE_FAMILY = "1,2";
			};
			name = Debug;
		};
		E0ECF27D1E572EAE005327BC /* Release */ = {
			isa = XCBuildConfiguration;
			buildSettings = {
				ALWAYS_SEARCH_USER_PATHS = NO;
				CLANG_ANALYZER_NONNULL = YES;
				CLANG_CXX_LANGUAGE_STANDARD = "gnu++0x";
				CLANG_CXX_LIBRARY = "libc++";
				CLANG_ENABLE_MODULES = YES;
				CLANG_ENABLE_OBJC_ARC = YES;
				CLANG_WARN_BOOL_CONVERSION = YES;
				CLANG_WARN_CONSTANT_CONVERSION = YES;
				CLANG_WARN_DIRECT_OBJC_ISA_USAGE = YES_ERROR;
				CLANG_WARN_DOCUMENTATION_COMMENTS = YES;
				CLANG_WARN_EMPTY_BODY = YES;
				CLANG_WARN_ENUM_CONVERSION = YES;
				CLANG_WARN_INFINITE_RECURSION = YES;
				CLANG_WARN_INT_CONVERSION = YES;
				CLANG_WARN_OBJC_ROOT_CLASS = YES_ERROR;
				CLANG_WARN_SUSPICIOUS_MOVE = YES;
				CLANG_WARN_UNREACHABLE_CODE = YES;
				CLANG_WARN__DUPLICATE_METHOD_MATCH = YES;
				"CODE_SIGN_IDENTITY[sdk=iphoneos*]" = "iPhone Developer";
				COPY_PHASE_STRIP = NO;
				DEBUG_INFORMATION_FORMAT = "dwarf-with-dsym";
				ENABLE_NS_ASSERTIONS = NO;
				ENABLE_STRICT_OBJC_MSGSEND = YES;
				GCC_C_LANGUAGE_STANDARD = gnu99;
				GCC_NO_COMMON_BLOCKS = YES;
				GCC_WARN_64_TO_32_BIT_CONVERSION = YES;
				GCC_WARN_ABOUT_RETURN_TYPE = YES_ERROR;
				GCC_WARN_UNDECLARED_SELECTOR = YES;
				GCC_WARN_UNINITIALIZED_AUTOS = YES_AGGRESSIVE;
				GCC_WARN_UNUSED_FUNCTION = YES;
				GCC_WARN_UNUSED_VARIABLE = YES;
				IPHONEOS_DEPLOYMENT_TARGET = 10.2;
				MTL_ENABLE_DEBUG_INFO = NO;
				SDKROOT = iphoneos;
				SWIFT_OPTIMIZATION_LEVEL = "-Owholemodule";
				TARGETED_DEVICE_FAMILY = "1,2";
				VALIDATE_PRODUCT = YES;
			};
			name = Release;
		};
		E0ECF27F1E572EAE005327BC /* Debug */ = {
			isa = XCBuildConfiguration;
			baseConfigurationReference = 736D6A3FA442717B23AAF17F /* Pods-Pokedex3.debug.xcconfig */;
			buildSettings = {
				ASSETCATALOG_COMPILER_APPICON_NAME = AppIcon;
				DEVELOPMENT_TEAM = 5NQCPY489K;
				INFOPLIST_FILE = Pokedex3/Info.plist;
				LD_RUNPATH_SEARCH_PATHS = "$(inherited) @executable_path/Frameworks";
				PRODUCT_BUNDLE_IDENTIFIER = com.andrewhuber.Pokedex3;
				PRODUCT_NAME = "$(TARGET_NAME)";
				SWIFT_VERSION = 3.0;
			};
			name = Debug;
		};
		E0ECF2801E572EAE005327BC /* Release */ = {
			isa = XCBuildConfiguration;
			baseConfigurationReference = E5B993DA22BB2AE7D6CDB193 /* Pods-Pokedex3.release.xcconfig */;
			buildSettings = {
				ASSETCATALOG_COMPILER_APPICON_NAME = AppIcon;
				DEVELOPMENT_TEAM = 5NQCPY489K;
				INFOPLIST_FILE = Pokedex3/Info.plist;
				LD_RUNPATH_SEARCH_PATHS = "$(inherited) @executable_path/Frameworks";
				PRODUCT_BUNDLE_IDENTIFIER = com.andrewhuber.Pokedex3;
				PRODUCT_NAME = "$(TARGET_NAME)";
				SWIFT_VERSION = 3.0;
			};
			name = Release;
		};
/* End XCBuildConfiguration section */

/* Begin XCConfigurationList section */
		E0ECF2671E572EAD005327BC /* Build configuration list for PBXProject "Pokedex3" */ = {
			isa = XCConfigurationList;
			buildConfigurations = (
				E0ECF27C1E572EAE005327BC /* Debug */,
				E0ECF27D1E572EAE005327BC /* Release */,
			);
			defaultConfigurationIsVisible = 0;
			defaultConfigurationName = Release;
		};
		E0ECF27E1E572EAE005327BC /* Build configuration list for PBXNativeTarget "Pokedex3" */ = {
			isa = XCConfigurationList;
			buildConfigurations = (
				E0ECF27F1E572EAE005327BC /* Debug */,
				E0ECF2801E572EAE005327BC /* Release */,
			);
			defaultConfigurationIsVisible = 0;
			defaultConfigurationName = Release;
		};
/* End XCConfigurationList section */
	};
	rootObject = E0ECF2641E572EAD005327BC /* Project object */;
}
